Microsoft Visual Studio Solution File, Format Version 11.00
# Visual Studio 2008

Project("{39ADCAEF-1AD3-C36F-2CF4-1261F0643B2D}") = "VR Coursework - Individual", "Assembly-CSharp-firstpass.csproj", "{3621B32D-F801-5417-8B91-22E2F7265402}"
EndProject
Project("{39ADCAEF-1AD3-C36F-2CF4-1261F0643B2D}") = "VR Coursework - Individual", "Assembly-CSharp.csproj", "{16D80075-8D92-A4D2-49CB-97F2FBF9C246}"
EndProject
Project("{39ADCAEF-1AD3-C36F-2CF4-1261F0643B2D}") = "VR Coursework - Individual", "Assembly-CSharp-Editor-firstpass.csproj", "{2BD483EE-EFFB-67D1-1E82-365BC9E97735}"
EndProject
Global
	GlobalSection(SolutionConfigurationPlatforms) = preSolution
		Debug|Any CPU = Debug|Any CPU
		Release|Any CPU = Release|Any CPU
	EndGlobalSection
	GlobalSection(ProjectConfigurationPlatforms) = postSolution
		{3621B32D-F801-5417-8B91-22E2F7265402}.Debug|Any CPU.ActiveCfg = Debug|Any CPU
		{3621B32D-F801-5417-8B91-22E2F7265402}.Debug|Any CPU.Build.0 = Debug|Any CPU
		{3621B32D-F801-5417-8B91-22E2F7265402}.Release|Any CPU.ActiveCfg = Release|Any CPU
		{3621B32D-F801-5417-8B91-22E2F7265402}.Release|Any CPU.Build.0 = Release|Any CPU
		{16D80075-8D92-A4D2-49CB-97F2FBF9C246}.Debug|Any CPU.ActiveCfg = Debug|Any CPU
		{16D80075-8D92-A4D2-49CB-97F2FBF9C246}.Debug|Any CPU.Build.0 = Debug|Any CPU
		{16D80075-8D92-A4D2-49CB-97F2FBF9C246}.Release|Any CPU.ActiveCfg = Release|Any CPU
		{16D80075-8D92-A4D2-49CB-97F2FBF9C246}.Release|Any CPU.Build.0 = Release|Any CPU
		{2BD483EE-EFFB-67D1-1E82-365BC9E97735}.Debug|Any CPU.ActiveCfg = Debug|Any CPU
		{2BD483EE-EFFB-67D1-1E82-365BC9E97735}.Debug|Any CPU.Build.0 = Debug|Any CPU
		{2BD483EE-EFFB-67D1-1E82-365BC9E97735}.Release|Any CPU.ActiveCfg = Release|Any CPU
		{2BD483EE-EFFB-67D1-1E82-365BC9E97735}.Release|Any CPU.Build.0 = Release|Any CPU
	EndGlobalSection
	GlobalSection(SolutionProperties) = preSolution
		HideSolutionNode = FALSE
	EndGlobalSection
	GlobalSection(MonoDevelopProperties) = preSolution
		StartupItem = Assembly-CSharp.csproj
	EndGlobalSection
EndGlobal
